
Microsoft Visual Studio Solution File, Format Version 12.00
# Visual Studio Version 17
VisualStudioVersion = 17.0.31521.260
MinimumVisualStudioVersion = 10.0.40219.1
Project("{2150E333-8FDC-42A3-9474-1A3956D46DE8}") = "Solution Items", "Solution Items", "{61E03DBB-6DDD-4027-A6FE-D3BCC26C4ADF}"
	ProjectSection(SolutionItems) = preProject
		.editorconfig = .editorconfig
		LICENSE = LICENSE
		README.md = README.md
	EndProjectSection
EndProject
Project("{2150E333-8FDC-42A3-9474-1A3956D46DE8}") = "Git", "Git", "{CC5090BA-A95B-4B95-AD73-2D5B0BC6BDFA}"
	ProjectSection(SolutionItems) = preProject
		.gitignore = .gitignore
		.gitmodules = .gitmodules
		.github\workflows\dotnet-core.yml = .github\workflows\dotnet-core.yml
	EndProjectSection
EndProject
Project("{2150E333-8FDC-42A3-9474-1A3956D46DE8}") = "Submodules", "Submodules", "{95295F58-D616-497D-B1A9-61F2E76B4784}"
EndProject
Project("{2150E333-8FDC-42A3-9474-1A3956D46DE8}") = "Core", "Core", "{4210ADEF-0421-4E94-9302-CE17126C8554}"
EndProject
Project("{2150E333-8FDC-42A3-9474-1A3956D46DE8}") = "Node", "Node", "{A4D98FF0-B988-4582-BBD1-526A118545F1}"
	ProjectSection(SolutionItems) = preProject
		bundle_debug.cmd = bundle_debug.cmd
		bundle_release.cmd = bundle_release.cmd
		bundler.js = bundler.js
		package.json = package.json
		ueesa-cache.json = ueesa-cache.json
		ueesa-config.json = ueesa-config.json
	EndProjectSection
EndProject
Project("{9A19103F-16F7-4668-BE54-9A1E7A4F7556}") = "UEESA.Client", "UEESA.Client\UEESA.Client.csproj", "{22EF041C-F44F-49F2-AFD3-27EC8F9DF8EC}"
EndProject
Project("{9A19103F-16F7-4668-BE54-9A1E7A4F7556}") = "UEESA.Server", "UEESA.Server\UEESA.Server.csproj", "{3AFB5C67-E281-4CEC-9146-B8AB95EEA3B2}"
EndProject
Project("{9A19103F-16F7-4668-BE54-9A1E7A4F7556}") = "UEESA.Common", "Common\UEESA.Common\UEESA.Common.csproj", "{38AE103F-4AE8-43B4-9283-D55DDA0B8CB7}"
EndProject
Project("{9A19103F-16F7-4668-BE54-9A1E7A4F7556}") = "UEESA.Json", "Common\JSON\UEESA.Json\UEESA.Json.csproj", "{6F94F02F-ED94-4DB2-BF96-497994CAB212}"
EndProject
Global
	GlobalSection(SolutionConfigurationPlatforms) = preSolution
		Debug|Any CPU = Debug|Any CPU
		Debug|x64 = Debug|x64
		Release|Any CPU = Release|Any CPU
		Release|x64 = Release|x64
	EndGlobalSection
	GlobalSection(ProjectConfigurationPlatforms) = postSolution
		{22EF041C-F44F-49F2-AFD3-27EC8F9DF8EC}.Debug|Any CPU.ActiveCfg = Debug|Any CPU
		{22EF041C-F44F-49F2-AFD3-27EC8F9DF8EC}.Debug|Any CPU.Build.0 = Debug|Any CPU
		{22EF041C-F44F-49F2-AFD3-27EC8F9DF8EC}.Debug|x64.ActiveCfg = Debug|Any CPU
		{22EF041C-F44F-49F2-AFD3-27EC8F9DF8EC}.Debug|x64.Build.0 = Debug|Any CPU
		{22EF041C-F44F-49F2-AFD3-27EC8F9DF8EC}.Release|Any CPU.ActiveCfg = Release|Any CPU
		{22EF041C-F44F-49F2-AFD3-27EC8F9DF8EC}.Release|Any CPU.Build.0 = Release|Any CPU
		{22EF041C-F44F-49F2-AFD3-27EC8F9DF8EC}.Release|x64.ActiveCfg = Release|Any CPU
		{22EF041C-F44F-49F2-AFD3-27EC8F9DF8EC}.Release|x64.Build.0 = Release|Any CPU
		{3AFB5C67-E281-4CEC-9146-B8AB95EEA3B2}.Debug|Any CPU.ActiveCfg = Debug|Any CPU
		{3AFB5C67-E281-4CEC-9146-B8AB95EEA3B2}.Debug|Any CPU.Build.0 = Debug|Any CPU
		{3AFB5C67-E281-4CEC-9146-B8AB95EEA3B2}.Debug|x64.ActiveCfg = Debug|Any CPU
		{3AFB5C67-E281-4CEC-9146-B8AB95EEA3B2}.Debug|x64.Build.0 = Debug|Any CPU
		{3AFB5C67-E281-4CEC-9146-B8AB95EEA3B2}.Release|Any CPU.ActiveCfg = Release|Any CPU
		{3AFB5C67-E281-4CEC-9146-B8AB95EEA3B2}.Release|Any CPU.Build.0 = Release|Any CPU
		{3AFB5C67-E281-4CEC-9146-B8AB95EEA3B2}.Release|x64.ActiveCfg = Release|Any CPU
		{3AFB5C67-E281-4CEC-9146-B8AB95EEA3B2}.Release|x64.Build.0 = Release|Any CPU
		{38AE103F-4AE8-43B4-9283-D55DDA0B8CB7}.Debug|Any CPU.ActiveCfg = Debug|Any CPU
		{38AE103F-4AE8-43B4-9283-D55DDA0B8CB7}.Debug|Any CPU.Build.0 = Debug|Any CPU
		{38AE103F-4AE8-43B4-9283-D55DDA0B8CB7}.Debug|x64.ActiveCfg = Debug|Any CPU
		{38AE103F-4AE8-43B4-9283-D55DDA0B8CB7}.Debug|x64.Build.0 = Debug|Any CPU
		{38AE103F-4AE8-43B4-9283-D55DDA0B8CB7}.Release|Any CPU.ActiveCfg = Release|Any CPU
		{38AE103F-4AE8-43B4-9283-D55DDA0B8CB7}.Release|Any CPU.Build.0 = Release|Any CPU
		{38AE103F-4AE8-43B4-9283-D55DDA0B8CB7}.Release|x64.ActiveCfg = Release|Any CPU
		{38AE103F-4AE8-43B4-9283-D55DDA0B8CB7}.Release|x64.Build.0 = Release|Any CPU
		{6F94F02F-ED94-4DB2-BF96-497994CAB212}.Debug|Any CPU.ActiveCfg = Debug|Any CPU
		{6F94F02F-ED94-4DB2-BF96-497994CAB212}.Debug|Any CPU.Build.0 = Debug|Any CPU
		{6F94F02F-ED94-4DB2-BF96-497994CAB212}.Debug|x64.ActiveCfg = Debug|Any CPU
		{6F94F02F-ED94-4DB2-BF96-497994CAB212}.Debug|x64.Build.0 = Debug|Any CPU
		{6F94F02F-ED94-4DB2-BF96-497994CAB212}.Release|Any CPU.ActiveCfg = Release|Any CPU
		{6F94F02F-ED94-4DB2-BF96-497994CAB212}.Release|Any CPU.Build.0 = Release|Any CPU
		{6F94F02F-ED94-4DB2-BF96-497994CAB212}.Release|x64.ActiveCfg = Release|Any CPU
		{6F94F02F-ED94-4DB2-BF96-497994CAB212}.Release|x64.Build.0 = Release|Any CPU
	EndGlobalSection
	GlobalSection(SolutionProperties) = preSolution
		HideSolutionNode = FALSE
	EndGlobalSection
	GlobalSection(NestedProjects) = preSolution
		{CC5090BA-A95B-4B95-AD73-2D5B0BC6BDFA} = {61E03DBB-6DDD-4027-A6FE-D3BCC26C4ADF}
		{A4D98FF0-B988-4582-BBD1-526A118545F1} = {61E03DBB-6DDD-4027-A6FE-D3BCC26C4ADF}
		{22EF041C-F44F-49F2-AFD3-27EC8F9DF8EC} = {4210ADEF-0421-4E94-9302-CE17126C8554}
		{3AFB5C67-E281-4CEC-9146-B8AB95EEA3B2} = {4210ADEF-0421-4E94-9302-CE17126C8554}
		{38AE103F-4AE8-43B4-9283-D55DDA0B8CB7} = {95295F58-D616-497D-B1A9-61F2E76B4784}
		{6F94F02F-ED94-4DB2-BF96-497994CAB212} = {95295F58-D616-497D-B1A9-61F2E76B4784}
	EndGlobalSection
	GlobalSection(ExtensibilityGlobals) = postSolution
		SolutionGuid = {D72CF491-B94E-4A72-BFFC-B63E7EED7963}
	EndGlobalSection
EndGlobal
